
Microsoft Visual Studio Solution File, Format Version 12.00
# Visual Studio Version 16
VisualStudioVersion = 16.0.32228.343
MinimumVisualStudioVersion = 10.0.40219.1
Project("{FAE04EC0-301F-11D3-BF4B-00C04F79EFBC}") = "Exam6778", "Exam6778\Exam6778.csproj", "{20905E12-C63C-4D26-A5A6-994E73788817}"
EndProject
Global
	GlobalSection(SolutionConfigurationPlatforms) = preSolution
		Debug|Any CPU = Debug|Any CPU
		Release|Any CPU = Release|Any CPU
	EndGlobalSection
	GlobalSection(ProjectConfigurationPlatforms) = postSolution
		{20905E12-C63C-4D26-A5A6-994E73788817}.Debug|Any CPU.ActiveCfg = Debug|Any CPU
		{20905E12-C63C-4D26-A5A6-994E73788817}.Debug|Any CPU.Build.0 = Debug|Any CPU
		{20905E12-C63C-4D26-A5A6-994E73788817}.Release|Any CPU.ActiveCfg = Release|Any CPU
		{20905E12-C63C-4D26-A5A6-994E73788817}.Release|Any CPU.Build.0 = Release|Any CPU
	EndGlobalSection
	GlobalSection(SolutionProperties) = preSolution
		HideSolutionNode = FALSE
	EndGlobalSection
	GlobalSection(ExtensibilityGlobals) = postSolution
		SolutionGuid = {B236EF4F-F692-4A93-8309-2D2D3FC60CE8}
	EndGlobalSection
EndGlobal
