
Microsoft Visual Studio Solution File, Format Version 12.00
# Visual Studio Version 16
VisualStudioVersion = 16.0.32228.343
MinimumVisualStudioVersion = 10.0.40219.1
Project("{FAE04EC0-301F-11D3-BF4B-00C04F79EFBC}") = "Exam8370", "Exam8370\Exam8370.csproj", "{B10EA2A8-6E33-497E-A301-DCE0AC62B4CB}"
EndProject
Global
	GlobalSection(SolutionConfigurationPlatforms) = preSolution
		Debug|Any CPU = Debug|Any CPU
		Release|Any CPU = Release|Any CPU
	EndGlobalSection
	GlobalSection(ProjectConfigurationPlatforms) = postSolution
		{B10EA2A8-6E33-497E-A301-DCE0AC62B4CB}.Debug|Any CPU.ActiveCfg = Debug|Any CPU
		{B10EA2A8-6E33-497E-A301-DCE0AC62B4CB}.Debug|Any CPU.Build.0 = Debug|Any CPU
		{B10EA2A8-6E33-497E-A301-DCE0AC62B4CB}.Release|Any CPU.ActiveCfg = Release|Any CPU
		{B10EA2A8-6E33-497E-A301-DCE0AC62B4CB}.Release|Any CPU.Build.0 = Release|Any CPU
	EndGlobalSection
	GlobalSection(SolutionProperties) = preSolution
		HideSolutionNode = FALSE
	EndGlobalSection
	GlobalSection(ExtensibilityGlobals) = postSolution
		SolutionGuid = {B107DFF4-43F9-475E-B199-9816AB95EF19}
	EndGlobalSection
EndGlobal
